# File: configs/test/test_cafo_fmnist_cnn_3block.yaml
# Configuration for a QUICK TEST RUN of CaFo on Fashion-MNIST with 3-Block CNN

# Experiment Identification
experiment_name: "TEST_cafo_fashion_mnist_cnn_3block"
algorithm:
  name: "CaFo"

# Dataset Configuration (Match CaFo original)
data:
  name: "FashionMNIST"
  root: "./data"
  val_split: 0.1 # Not strictly needed for CaFo training
  num_classes: 10
  input_channels: 1
  image_size: 28

# Data Loader Configuration
data_loader:
  batch_size: 128
  num_workers: 4
  pin_memory: true

# Model Architecture Configuration (Match CaFo original)
model:
  name: "CaFo_CNN"
  params:
    # input_channels: 1 # Calculated
    block_channels: [32, 128, 512]
    activation: "ReLU"
    use_batchnorm: true
    kernel_size: 3
    pool_kernel_size: 2
    pool_stride: 2
    # image_size: 28 # Calculated
    # num_classes: 10 # Calculated

# Algorithm Specific Configuration (REDUCED FOR TEST)
algorithm_params:
  optimizer_type: "Adam"
  lr: 0.001
  weight_decay: 0.0
  loss_type: "CrossEntropyLoss"
  num_epochs_per_block: 2 # << REDUCED for quick test (ensure key matches code, e.g., 'num_epochs_per_block')
  log_interval: 10 # Log more frequently

# Logging Configuration (DEBUG level)
logging:
  level: "DEBUG"
  wandb:
    use_wandb: true
    project: "BeyondBackpropagation"

# Checkpointing (DISABLED FOR TEST)
checkpointing:
  checkpoint_dir: null

# Monitoring/Profiling (Ensure enabled, verbose profiling)
monitoring:
  enabled: true
  energy_enabled: true
  energy_interval_sec: 0.2
profiling:
  enabled: true
  verbose: true

# Tuning (DISABLED)
tuning:
  enabled: false