# File: configs/cafo/fashion_mnist_cnn_3block.yaml
# Configuration for Cascaded Forward (CaFo) on Fashion-MNIST with 3-Block CNN

# Inherit from base config
experiment_name: "cafo_fashion_mnist_cnn_3block"
algorithm:
  name: "CaFo"

# Dataset Configuration
data:
  name: "FashionMNIST"
  root: "./data"
  val_split: 0.1
  num_classes: 10
  input_channels: 1
  image_size: 28

# Data Loader Configuration
data_loader:
  batch_size: 128
  num_workers: 4
  pin_memory: true

# Model Architecture Configuration (Base blocks)
model:
  name: "CaFo_CNN"
  params:
    # input_channels: 1 # Calculated
    block_channels: [32, 128, 512] # Channels for the 3 blocks
    activation: "ReLU"
    use_batchnorm: true
    kernel_size: 3 # Default kernel size
    pool_kernel_size: 2 # Default pool size
    pool_stride: 2 # Default pool stride
    # image_size: 28 # Calculated
    # num_classes: 10 # Calculated

# Algorithm Specific Configuration (CaFo-Rand-CE)
algorithm_params:
  optimizer_type: "Adam"
  lr: 0.001
  weight_decay: 0.0
  loss_type: "CrossEntropyLoss"
  num_epochs_per_block: 5000 # Epochs for predictor training
  log_interval: 200

# Logging Configuration
logging:
  level: "INFO"
  # log_file: null
  wandb:
    use_wandb: true

# Checkpointing (Save predictors after training)
checkpointing:
  checkpoint_dir: "checkpoints/cafo_fashion_mnist_cnn_3block"

# Monitoring/Profiling
monitoring:
  enabled: true
  energy_enabled: true
  energy_interval_sec: 0.2
profiling:
  enabled: true
  verbose: false